
Microsoft Visual Studio Solution File, Format Version 12.00
# Visual Studio Version 16
VisualStudioVersion = 16.0.32630.194
MinimumVisualStudioVersion = 10.0.40219.1
Project("{FAE04EC0-301F-11D3-BF4B-00C04F79EFBC}") = "Dz_14", "Dz_14\Dz_14.csproj", "{78C1DF5D-6B23-49EE-B05D-A0B86A010FD8}"
EndProject
Global
	GlobalSection(SolutionConfigurationPlatforms) = preSolution
		Debug|Any CPU = Debug|Any CPU
		Release|Any CPU = Release|Any CPU
	EndGlobalSection
	GlobalSection(ProjectConfigurationPlatforms) = postSolution
		{78C1DF5D-6B23-49EE-B05D-A0B86A010FD8}.Debug|Any CPU.ActiveCfg = Debug|Any CPU
		{78C1DF5D-6B23-49EE-B05D-A0B86A010FD8}.Debug|Any CPU.Build.0 = Debug|Any CPU
		{78C1DF5D-6B23-49EE-B05D-A0B86A010FD8}.Release|Any CPU.ActiveCfg = Release|Any CPU
		{78C1DF5D-6B23-49EE-B05D-A0B86A010FD8}.Release|Any CPU.Build.0 = Release|Any CPU
	EndGlobalSection
	GlobalSection(SolutionProperties) = preSolution
		HideSolutionNode = FALSE
	EndGlobalSection
	GlobalSection(ExtensibilityGlobals) = postSolution
		SolutionGuid = {9829ABF4-2CE9-4966-9896-778A12AE02D0}
	EndGlobalSection
EndGlobal
